
Microsoft Visual Studio Solution File, Format Version 12.00
# Visual Studio Version 16
VisualStudioVersion = 16.0.30413.136
MinimumVisualStudioVersion = 10.0.40219.1
Project("{FAE04EC0-301F-11D3-BF4B-00C04F79EFBC}") = "TeamApplication", "TeamApplication.csproj", "{5BBEF91E-F68A-4261-A135-1365CC4B4E32}"
EndProject
Global
	GlobalSection(SolutionConfigurationPlatforms) = preSolution
		Debug|Any CPU = Debug|Any CPU
		Release|Any CPU = Release|Any CPU
	EndGlobalSection
	GlobalSection(ProjectConfigurationPlatforms) = postSolution
		{5BBEF91E-F68A-4261-A135-1365CC4B4E32}.Debug|Any CPU.ActiveCfg = Debug|Any CPU
		{5BBEF91E-F68A-4261-A135-1365CC4B4E32}.Debug|Any CPU.Build.0 = Debug|Any CPU
		{5BBEF91E-F68A-4261-A135-1365CC4B4E32}.Release|Any CPU.ActiveCfg = Release|Any CPU
		{5BBEF91E-F68A-4261-A135-1365CC4B4E32}.Release|Any CPU.Build.0 = Release|Any CPU
	EndGlobalSection
	GlobalSection(SolutionProperties) = preSolution
		HideSolutionNode = FALSE
	EndGlobalSection
	GlobalSection(ExtensibilityGlobals) = postSolution
		SolutionGuid = {67E1ECC4-A625-4C43-875B-499D6D7305BC}
	EndGlobalSection
EndGlobal
